
Microsoft Visual Studio Solution File, Format Version 12.00
# Visual Studio Version 17
VisualStudioVersion = 17.0.31903.59
MinimumVisualStudioVersion = 10.0.40219.1
Project("{9A19103F-16F7-4668-BE54-9A1E7A4F7556}") = "GrpcDemo7", "GrpcDemo7.csproj", "{96D7530B-0255-4CBC-AEAD-C06439FF84B2}"
EndProject
Project("{FAE04EC0-301F-11D3-BF4B-00C04F79EFBC}") = "GrpcHealthCheckClient", "..\GrpcHealthCheckClient\GrpcHealthCheckClient.csproj", "{3914349E-12A3-4F46-8050-651A545B65BA}"
EndProject
Project("{FAE04EC0-301F-11D3-BF4B-00C04F79EFBC}") = "GrpcHealthCheckServer", "..\GrpcHealthCheckServer\GrpcHealthCheckServer.csproj", "{CA2DDD58-56AF-4954-A4C3-1E5D33F7A6F2}"
EndProject
Global
	GlobalSection(SolutionConfigurationPlatforms) = preSolution
		Debug|Any CPU = Debug|Any CPU
		Release|Any CPU = Release|Any CPU
	EndGlobalSection
	GlobalSection(ProjectConfigurationPlatforms) = postSolution
		{96D7530B-0255-4CBC-AEAD-C06439FF84B2}.Debug|Any CPU.ActiveCfg = Debug|Any CPU
		{96D7530B-0255-4CBC-AEAD-C06439FF84B2}.Debug|Any CPU.Build.0 = Debug|Any CPU
		{96D7530B-0255-4CBC-AEAD-C06439FF84B2}.Release|Any CPU.ActiveCfg = Release|Any CPU
		{96D7530B-0255-4CBC-AEAD-C06439FF84B2}.Release|Any CPU.Build.0 = Release|Any CPU
		{3914349E-12A3-4F46-8050-651A545B65BA}.Debug|Any CPU.ActiveCfg = Debug|Any CPU
		{3914349E-12A3-4F46-8050-651A545B65BA}.Debug|Any CPU.Build.0 = Debug|Any CPU
		{3914349E-12A3-4F46-8050-651A545B65BA}.Release|Any CPU.ActiveCfg = Release|Any CPU
		{3914349E-12A3-4F46-8050-651A545B65BA}.Release|Any CPU.Build.0 = Release|Any CPU
		{CA2DDD58-56AF-4954-A4C3-1E5D33F7A6F2}.Debug|Any CPU.ActiveCfg = Debug|Any CPU
		{CA2DDD58-56AF-4954-A4C3-1E5D33F7A6F2}.Debug|Any CPU.Build.0 = Debug|Any CPU
		{CA2DDD58-56AF-4954-A4C3-1E5D33F7A6F2}.Release|Any CPU.ActiveCfg = Release|Any CPU
		{CA2DDD58-56AF-4954-A4C3-1E5D33F7A6F2}.Release|Any CPU.Build.0 = Release|Any CPU
	EndGlobalSection
	GlobalSection(SolutionProperties) = preSolution
		HideSolutionNode = FALSE
	EndGlobalSection
	GlobalSection(ExtensibilityGlobals) = postSolution
		SolutionGuid = {61EBAECA-AA2E-4E9D-A1C3-B30795E9FCF5}
	EndGlobalSection
EndGlobal
