
Microsoft Visual Studio Solution File, Format Version 12.00
# Visual Studio Version 17
VisualStudioVersion = 17.0.31903.59
MinimumVisualStudioVersion = 10.0.40219.1
Project("{9A19103F-16F7-4668-BE54-9A1E7A4F7556}") = "BlazorWasmDemo7", "BlazorWasmDemo7\BlazorWasmDemo7.csproj", "{1EEF7FEE-1DD9-42F2-AA47-EEB9D8315FB5}"
EndProject
Global
	GlobalSection(SolutionConfigurationPlatforms) = preSolution
		Debug|Any CPU = Debug|Any CPU
		Release|Any CPU = Release|Any CPU
	EndGlobalSection
	GlobalSection(ProjectConfigurationPlatforms) = postSolution
		{1EEF7FEE-1DD9-42F2-AA47-EEB9D8315FB5}.Debug|Any CPU.ActiveCfg = Debug|Any CPU
		{1EEF7FEE-1DD9-42F2-AA47-EEB9D8315FB5}.Debug|Any CPU.Build.0 = Debug|Any CPU
		{1EEF7FEE-1DD9-42F2-AA47-EEB9D8315FB5}.Release|Any CPU.ActiveCfg = Release|Any CPU
		{1EEF7FEE-1DD9-42F2-AA47-EEB9D8315FB5}.Release|Any CPU.Build.0 = Release|Any CPU
	EndGlobalSection
	GlobalSection(SolutionProperties) = preSolution
		HideSolutionNode = FALSE
	EndGlobalSection
	GlobalSection(ExtensibilityGlobals) = postSolution
		SolutionGuid = {2675A28E-773E-498A-9694-85830910EA38}
	EndGlobalSection
EndGlobal
